
Microsoft Visual Studio Solution File, Format Version 12.00
# Visual Studio Version 16
VisualStudioVersion = 16.0.31424.327
MinimumVisualStudioVersion = 10.0.40219.1
Project("{FAE04EC0-301F-11D3-BF4B-00C04F79EFBC}") = "AuthenticationApp", "AuthenticationApp\AuthenticationApp.csproj", "{2B23AD25-3DA4-46CE-9EEE-D3ABDAC9749E}"
EndProject
Global
	GlobalSection(SolutionConfigurationPlatforms) = preSolution
		Debug|Any CPU = Debug|Any CPU
		Release|Any CPU = Release|Any CPU
	EndGlobalSection
	GlobalSection(ProjectConfigurationPlatforms) = postSolution
		{2B23AD25-3DA4-46CE-9EEE-D3ABDAC9749E}.Debug|Any CPU.ActiveCfg = Debug|Any CPU
		{2B23AD25-3DA4-46CE-9EEE-D3ABDAC9749E}.Debug|Any CPU.Build.0 = Debug|Any CPU
		{2B23AD25-3DA4-46CE-9EEE-D3ABDAC9749E}.Release|Any CPU.ActiveCfg = Release|Any CPU
		{2B23AD25-3DA4-46CE-9EEE-D3ABDAC9749E}.Release|Any CPU.Build.0 = Release|Any CPU
	EndGlobalSection
	GlobalSection(SolutionProperties) = preSolution
		HideSolutionNode = FALSE
	EndGlobalSection
	GlobalSection(ExtensibilityGlobals) = postSolution
		SolutionGuid = {8E8F177D-7DD7-456D-9D4A-F5C359EBD78B}
	EndGlobalSection
EndGlobal
