
Microsoft Visual Studio Solution File, Format Version 12.00
# Visual Studio Version 16
VisualStudioVersion = 16.0.31424.327
MinimumVisualStudioVersion = 10.0.40219.1
Project("{FAE04EC0-301F-11D3-BF4B-00C04F79EFBC}") = "RegularExpression", "RegularExpression\RegularExpression.csproj", "{44375E5D-8125-40EF-9B25-96F6F2B1BA94}"
EndProject
Global
	GlobalSection(SolutionConfigurationPlatforms) = preSolution
		Debug|Any CPU = Debug|Any CPU
		Release|Any CPU = Release|Any CPU
	EndGlobalSection
	GlobalSection(ProjectConfigurationPlatforms) = postSolution
		{44375E5D-8125-40EF-9B25-96F6F2B1BA94}.Debug|Any CPU.ActiveCfg = Debug|Any CPU
		{44375E5D-8125-40EF-9B25-96F6F2B1BA94}.Debug|Any CPU.Build.0 = Debug|Any CPU
		{44375E5D-8125-40EF-9B25-96F6F2B1BA94}.Release|Any CPU.ActiveCfg = Release|Any CPU
		{44375E5D-8125-40EF-9B25-96F6F2B1BA94}.Release|Any CPU.Build.0 = Release|Any CPU
	EndGlobalSection
	GlobalSection(SolutionProperties) = preSolution
		HideSolutionNode = FALSE
	EndGlobalSection
	GlobalSection(ExtensibilityGlobals) = postSolution
		SolutionGuid = {09D50111-A51B-45E7-9585-35C68FB43EDA}
	EndGlobalSection
EndGlobal
