
Microsoft Visual Studio Solution File, Format Version 12.00
# Visual Studio Version 16
VisualStudioVersion = 16.0.31424.327
MinimumVisualStudioVersion = 10.0.40219.1
Project("{FAE04EC0-301F-11D3-BF4B-00C04F79EFBC}") = "CSharpAttribute", "CSharpAttribute\CSharpAttribute.csproj", "{2FDB8A00-1C19-4B07-ACA5-8224833F5767}"
EndProject
Global
	GlobalSection(SolutionConfigurationPlatforms) = preSolution
		Debug|Any CPU = Debug|Any CPU
		Release|Any CPU = Release|Any CPU
	EndGlobalSection
	GlobalSection(ProjectConfigurationPlatforms) = postSolution
		{2FDB8A00-1C19-4B07-ACA5-8224833F5767}.Debug|Any CPU.ActiveCfg = Debug|Any CPU
		{2FDB8A00-1C19-4B07-ACA5-8224833F5767}.Debug|Any CPU.Build.0 = Debug|Any CPU
		{2FDB8A00-1C19-4B07-ACA5-8224833F5767}.Release|Any CPU.ActiveCfg = Release|Any CPU
		{2FDB8A00-1C19-4B07-ACA5-8224833F5767}.Release|Any CPU.Build.0 = Release|Any CPU
	EndGlobalSection
	GlobalSection(SolutionProperties) = preSolution
		HideSolutionNode = FALSE
	EndGlobalSection
	GlobalSection(ExtensibilityGlobals) = postSolution
		SolutionGuid = {631A9E4E-3C32-4616-B884-96387851A58E}
	EndGlobalSection
EndGlobal
